
Microsoft Visual Studio Solution File, Format Version 12.00
# Visual Studio 15
VisualStudioVersion = 15.0.27703.2035
MinimumVisualStudioVersion = 10.0.40219.1
Project("{FAE04EC0-301F-11D3-BF4B-00C04F79EFBC}") = "version1", "version1\version1.csproj", "{F043125D-BEFD-41A6-A252-6F5B73290396}"
EndProject
Project("{FAE04EC0-301F-11D3-BF4B-00C04F79EFBC}") = "DockiingLibrary", "..\DockiingLibrary\DockiingLibrary.csproj", "{A2505D2B-0160-4080-81FD-12D4669B31DA}"
EndProject
Project("{FAE04EC0-301F-11D3-BF4B-00C04F79EFBC}") = "netFramework类库", "..\netFramework类库\netFramework类库.csproj", "{36C533FE-2A10-4837-BFF2-D061065CF8EA}"
EndProject
Project("{2150E333-8FDC-42A3-9474-1A3956D46DE8}") = "Solution Items", "Solution Items", "{63418C47-0EC3-4CAB-9696-73DEAD7E82BF}"
	ProjectSection(SolutionItems) = preProject
		version1.txt = version1.txt
		我要做什么.txt = 我要做什么.txt
	EndProjectSection
EndProject
Global
	GlobalSection(SolutionConfigurationPlatforms) = preSolution
		Debug|Any CPU = Debug|Any CPU
		Debug|ARM = Debug|ARM
		Debug|x64 = Debug|x64
		Debug|x86 = Debug|x86
		Release|Any CPU = Release|Any CPU
		Release|ARM = Release|ARM
		Release|x64 = Release|x64
		Release|x86 = Release|x86
	EndGlobalSection
	GlobalSection(ProjectConfigurationPlatforms) = postSolution
		{F043125D-BEFD-41A6-A252-6F5B73290396}.Debug|Any CPU.ActiveCfg = Debug|Any CPU
		{F043125D-BEFD-41A6-A252-6F5B73290396}.Debug|Any CPU.Build.0 = Debug|Any CPU
		{F043125D-BEFD-41A6-A252-6F5B73290396}.Debug|ARM.ActiveCfg = Debug|Any CPU
		{F043125D-BEFD-41A6-A252-6F5B73290396}.Debug|ARM.Build.0 = Debug|Any CPU
		{F043125D-BEFD-41A6-A252-6F5B73290396}.Debug|x64.ActiveCfg = Debug|Any CPU
		{F043125D-BEFD-41A6-A252-6F5B73290396}.Debug|x64.Build.0 = Debug|Any CPU
		{F043125D-BEFD-41A6-A252-6F5B73290396}.Debug|x86.ActiveCfg = Debug|Any CPU
		{F043125D-BEFD-41A6-A252-6F5B73290396}.Debug|x86.Build.0 = Debug|Any CPU
		{F043125D-BEFD-41A6-A252-6F5B73290396}.Release|Any CPU.ActiveCfg = Release|Any CPU
		{F043125D-BEFD-41A6-A252-6F5B73290396}.Release|Any CPU.Build.0 = Release|Any CPU
		{F043125D-BEFD-41A6-A252-6F5B73290396}.Release|ARM.ActiveCfg = Release|Any CPU
		{F043125D-BEFD-41A6-A252-6F5B73290396}.Release|ARM.Build.0 = Release|Any CPU
		{F043125D-BEFD-41A6-A252-6F5B73290396}.Release|x64.ActiveCfg = Release|Any CPU
		{F043125D-BEFD-41A6-A252-6F5B73290396}.Release|x64.Build.0 = Release|Any CPU
		{F043125D-BEFD-41A6-A252-6F5B73290396}.Release|x86.ActiveCfg = Release|Any CPU
		{F043125D-BEFD-41A6-A252-6F5B73290396}.Release|x86.Build.0 = Release|Any CPU
		{A2505D2B-0160-4080-81FD-12D4669B31DA}.Debug|Any CPU.ActiveCfg = Debug|Any CPU
		{A2505D2B-0160-4080-81FD-12D4669B31DA}.Debug|Any CPU.Build.0 = Debug|Any CPU
		{A2505D2B-0160-4080-81FD-12D4669B31DA}.Debug|ARM.ActiveCfg = Debug|Any CPU
		{A2505D2B-0160-4080-81FD-12D4669B31DA}.Debug|ARM.Build.0 = Debug|Any CPU
		{A2505D2B-0160-4080-81FD-12D4669B31DA}.Debug|x64.ActiveCfg = Debug|Any CPU
		{A2505D2B-0160-4080-81FD-12D4669B31DA}.Debug|x64.Build.0 = Debug|Any CPU
		{A2505D2B-0160-4080-81FD-12D4669B31DA}.Debug|x86.ActiveCfg = Debug|Any CPU
		{A2505D2B-0160-4080-81FD-12D4669B31DA}.Debug|x86.Build.0 = Debug|Any CPU
		{A2505D2B-0160-4080-81FD-12D4669B31DA}.Release|Any CPU.ActiveCfg = Release|Any CPU
		{A2505D2B-0160-4080-81FD-12D4669B31DA}.Release|Any CPU.Build.0 = Release|Any CPU
		{A2505D2B-0160-4080-81FD-12D4669B31DA}.Release|ARM.ActiveCfg = Release|Any CPU
		{A2505D2B-0160-4080-81FD-12D4669B31DA}.Release|ARM.Build.0 = Release|Any CPU
		{A2505D2B-0160-4080-81FD-12D4669B31DA}.Release|x64.ActiveCfg = Release|Any CPU
		{A2505D2B-0160-4080-81FD-12D4669B31DA}.Release|x64.Build.0 = Release|Any CPU
		{A2505D2B-0160-4080-81FD-12D4669B31DA}.Release|x86.ActiveCfg = Release|Any CPU
		{A2505D2B-0160-4080-81FD-12D4669B31DA}.Release|x86.Build.0 = Release|Any CPU
		{36C533FE-2A10-4837-BFF2-D061065CF8EA}.Debug|Any CPU.ActiveCfg = Debug|Any CPU
		{36C533FE-2A10-4837-BFF2-D061065CF8EA}.Debug|Any CPU.Build.0 = Debug|Any CPU
		{36C533FE-2A10-4837-BFF2-D061065CF8EA}.Debug|ARM.ActiveCfg = Debug|Any CPU
		{36C533FE-2A10-4837-BFF2-D061065CF8EA}.Debug|ARM.Build.0 = Debug|Any CPU
		{36C533FE-2A10-4837-BFF2-D061065CF8EA}.Debug|x64.ActiveCfg = Debug|Any CPU
		{36C533FE-2A10-4837-BFF2-D061065CF8EA}.Debug|x64.Build.0 = Debug|Any CPU
		{36C533FE-2A10-4837-BFF2-D061065CF8EA}.Debug|x86.ActiveCfg = Debug|Any CPU
		{36C533FE-2A10-4837-BFF2-D061065CF8EA}.Debug|x86.Build.0 = Debug|Any CPU
		{36C533FE-2A10-4837-BFF2-D061065CF8EA}.Release|Any CPU.ActiveCfg = Release|Any CPU
		{36C533FE-2A10-4837-BFF2-D061065CF8EA}.Release|Any CPU.Build.0 = Release|Any CPU
		{36C533FE-2A10-4837-BFF2-D061065CF8EA}.Release|ARM.ActiveCfg = Release|Any CPU
		{36C533FE-2A10-4837-BFF2-D061065CF8EA}.Release|ARM.Build.0 = Release|Any CPU
		{36C533FE-2A10-4837-BFF2-D061065CF8EA}.Release|x64.ActiveCfg = Release|Any CPU
		{36C533FE-2A10-4837-BFF2-D061065CF8EA}.Release|x64.Build.0 = Release|Any CPU
		{36C533FE-2A10-4837-BFF2-D061065CF8EA}.Release|x86.ActiveCfg = Release|Any CPU
		{36C533FE-2A10-4837-BFF2-D061065CF8EA}.Release|x86.Build.0 = Release|Any CPU
	EndGlobalSection
	GlobalSection(SolutionProperties) = preSolution
		HideSolutionNode = FALSE
	EndGlobalSection
	GlobalSection(ExtensibilityGlobals) = postSolution
		SolutionGuid = {682BDC66-02D8-4114-B80E-9680169683F0}
	EndGlobalSection
EndGlobal
